
Microsoft Visual Studio Solution File, Format Version 12.00
# Visual Studio Version 17
VisualStudioVersion = 17.8.34525.116
MinimumVisualStudioVersion = 10.0.40219.1
Project("{FAE04EC0-301F-11D3-BF4B-00C04F79EFBC}") = "INVOICE_APP", "INVOICE_APP\INVOICE_APP.csproj", "{F4A0660A-1357-4C65-90DF-20910B9DAA9A}"
EndProject
Global
	GlobalSection(SolutionConfigurationPlatforms) = preSolution
		Debug|Any CPU = Debug|Any CPU
		Release|Any CPU = Release|Any CPU
	EndGlobalSection
	GlobalSection(ProjectConfigurationPlatforms) = postSolution
		{F4A0660A-1357-4C65-90DF-20910B9DAA9A}.Debug|Any CPU.ActiveCfg = Debug|Any CPU
		{F4A0660A-1357-4C65-90DF-20910B9DAA9A}.Debug|Any CPU.Build.0 = Debug|Any CPU
		{F4A0660A-1357-4C65-90DF-20910B9DAA9A}.Release|Any CPU.ActiveCfg = Release|Any CPU
		{F4A0660A-1357-4C65-90DF-20910B9DAA9A}.Release|Any CPU.Build.0 = Release|Any CPU
	EndGlobalSection
	GlobalSection(SolutionProperties) = preSolution
		HideSolutionNode = FALSE
	EndGlobalSection
	GlobalSection(ExtensibilityGlobals) = postSolution
		SolutionGuid = {23C625E8-AD1A-4818-9112-3C2E87C11203}
	EndGlobalSection
EndGlobal
